
Microsoft Visual Studio Solution File, Format Version 12.00
# Visual Studio 2013
VisualStudioVersion = 12.0.30501.0
MinimumVisualStudioVersion = 10.0.40219.1
Project("{FAE04EC0-301F-11D3-BF4B-00C04F79EFBC}") = "CanvasModule", "CanvasModule\CanvasModule.csproj", "{B12FD612-4325-4E9A-BC59-6730C06A4888}"
EndProject
Project("{FAE04EC0-301F-11D3-BF4B-00C04F79EFBC}") = "CanvasModuleV2", "CanvasModuleV2\CanvasModuleV2.csproj", "{21C2157D-D9FE-49B7-97E5-3403F4AB6F38}"
EndProject
Project("{FAE04EC0-301F-11D3-BF4B-00C04F79EFBC}") = "CanvasModule-Final", "CanvasModule-Final\CanvasModule-Final.csproj", "{33713BBF-436E-4058-9B65-C6FE4D8F8DCB}"
EndProject
Global
	GlobalSection(SolutionConfigurationPlatforms) = preSolution
		Debug|Any CPU = Debug|Any CPU
		Release|Any CPU = Release|Any CPU
	EndGlobalSection
	GlobalSection(ProjectConfigurationPlatforms) = postSolution
		{B12FD612-4325-4E9A-BC59-6730C06A4888}.Debug|Any CPU.ActiveCfg = Debug|Any CPU
		{B12FD612-4325-4E9A-BC59-6730C06A4888}.Debug|Any CPU.Build.0 = Debug|Any CPU
		{B12FD612-4325-4E9A-BC59-6730C06A4888}.Release|Any CPU.ActiveCfg = Release|Any CPU
		{B12FD612-4325-4E9A-BC59-6730C06A4888}.Release|Any CPU.Build.0 = Release|Any CPU
		{21C2157D-D9FE-49B7-97E5-3403F4AB6F38}.Debug|Any CPU.ActiveCfg = Debug|Any CPU
		{21C2157D-D9FE-49B7-97E5-3403F4AB6F38}.Debug|Any CPU.Build.0 = Debug|Any CPU
		{21C2157D-D9FE-49B7-97E5-3403F4AB6F38}.Release|Any CPU.ActiveCfg = Release|Any CPU
		{21C2157D-D9FE-49B7-97E5-3403F4AB6F38}.Release|Any CPU.Build.0 = Release|Any CPU
		{33713BBF-436E-4058-9B65-C6FE4D8F8DCB}.Debug|Any CPU.ActiveCfg = Debug|Any CPU
		{33713BBF-436E-4058-9B65-C6FE4D8F8DCB}.Debug|Any CPU.Build.0 = Debug|Any CPU
		{33713BBF-436E-4058-9B65-C6FE4D8F8DCB}.Release|Any CPU.ActiveCfg = Release|Any CPU
		{33713BBF-436E-4058-9B65-C6FE4D8F8DCB}.Release|Any CPU.Build.0 = Release|Any CPU
	EndGlobalSection
	GlobalSection(SolutionProperties) = preSolution
		HideSolutionNode = FALSE
	EndGlobalSection
EndGlobal
